
Microsoft Visual Studio Solution File, Format Version 12.00
# Visual Studio Version 16
VisualStudioVersion = 16.0.31729.503
MinimumVisualStudioVersion = 10.0.40219.1
Project("{FAE04EC0-301F-11D3-BF4B-00C04F79EFBC}") = "Mika-Music", "Mika-Music\Mika-Music.csproj", "{360314A8-7317-4FF7-A477-E36DAECC635C}"
EndProject
Global
	GlobalSection(SolutionConfigurationPlatforms) = preSolution
		Debug|Any CPU = Debug|Any CPU
		Release|Any CPU = Release|Any CPU
	EndGlobalSection
	GlobalSection(ProjectConfigurationPlatforms) = postSolution
		{360314A8-7317-4FF7-A477-E36DAECC635C}.Debug|Any CPU.ActiveCfg = Debug|Any CPU
		{360314A8-7317-4FF7-A477-E36DAECC635C}.Debug|Any CPU.Build.0 = Debug|Any CPU
		{360314A8-7317-4FF7-A477-E36DAECC635C}.Release|Any CPU.ActiveCfg = Release|Any CPU
		{360314A8-7317-4FF7-A477-E36DAECC635C}.Release|Any CPU.Build.0 = Release|Any CPU
	EndGlobalSection
	GlobalSection(SolutionProperties) = preSolution
		HideSolutionNode = FALSE
	EndGlobalSection
	GlobalSection(ExtensibilityGlobals) = postSolution
		SolutionGuid = {08827BF0-5338-4CBE-B8CA-54A71D9A5DD5}
	EndGlobalSection
EndGlobal
